
Microsoft Visual Studio Solution File, Format Version 12.00
# Visual Studio Version 16
VisualStudioVersion = 16.0.30128.74
MinimumVisualStudioVersion = 10.0.40219.1
Project("{FAE04EC0-301F-11D3-BF4B-00C04F79EFBC}") = "DemoApp", "DemoApp\DemoApp.csproj", "{0B1F991F-6788-4BFF-B914-F32CBA896D2B}"
EndProject
Project("{FAE04EC0-301F-11D3-BF4B-00C04F79EFBC}") = "DemoApp.Domain", "DemoApp.Domain\DemoApp.Domain.csproj", "{D81B83FC-53FD-4DD3-A000-1631983BAB19}"
EndProject
Project("{FAE04EC0-301F-11D3-BF4B-00C04F79EFBC}") = "DemoApp.Infrastructure", "DemoApp.Infrastructure\DemoApp.Infrastructure.csproj", "{476CBA85-F5B2-49CD-A6A7-2FD422C7E840}"
EndProject
Global
	GlobalSection(SolutionConfigurationPlatforms) = preSolution
		Debug|Any CPU = Debug|Any CPU
		Release|Any CPU = Release|Any CPU
	EndGlobalSection
	GlobalSection(ProjectConfigurationPlatforms) = postSolution
		{0B1F991F-6788-4BFF-B914-F32CBA896D2B}.Debug|Any CPU.ActiveCfg = Debug|Any CPU
		{0B1F991F-6788-4BFF-B914-F32CBA896D2B}.Debug|Any CPU.Build.0 = Debug|Any CPU
		{0B1F991F-6788-4BFF-B914-F32CBA896D2B}.Release|Any CPU.ActiveCfg = Release|Any CPU
		{0B1F991F-6788-4BFF-B914-F32CBA896D2B}.Release|Any CPU.Build.0 = Release|Any CPU
		{D81B83FC-53FD-4DD3-A000-1631983BAB19}.Debug|Any CPU.ActiveCfg = Debug|Any CPU
		{D81B83FC-53FD-4DD3-A000-1631983BAB19}.Debug|Any CPU.Build.0 = Debug|Any CPU
		{D81B83FC-53FD-4DD3-A000-1631983BAB19}.Release|Any CPU.ActiveCfg = Release|Any CPU
		{D81B83FC-53FD-4DD3-A000-1631983BAB19}.Release|Any CPU.Build.0 = Release|Any CPU
		{476CBA85-F5B2-49CD-A6A7-2FD422C7E840}.Debug|Any CPU.ActiveCfg = Debug|Any CPU
		{476CBA85-F5B2-49CD-A6A7-2FD422C7E840}.Debug|Any CPU.Build.0 = Debug|Any CPU
		{476CBA85-F5B2-49CD-A6A7-2FD422C7E840}.Release|Any CPU.ActiveCfg = Release|Any CPU
		{476CBA85-F5B2-49CD-A6A7-2FD422C7E840}.Release|Any CPU.Build.0 = Release|Any CPU
	EndGlobalSection
	GlobalSection(SolutionProperties) = preSolution
		HideSolutionNode = FALSE
	EndGlobalSection
	GlobalSection(ExtensibilityGlobals) = postSolution
		SolutionGuid = {F6F24FE3-D315-4A1C-8F2C-91442D6C9466}
	EndGlobalSection
EndGlobal
